// !$*UTF8*$!
{
	archiveVersion = 1;
	classes = {
	};
	objectVersion = 50;
	objects = {

/* Begin PBXBuildFile section */
		F455E16123F1927E00A38556 /* AppDelegate.swift in Sources */ = {isa = PBXBuildFile; fileRef = F455E16023F1927E00A38556 /* AppDelegate.swift */; };
		F455E16323F1927E00A38556 /* SceneDelegate.swift in Sources */ = {isa = PBXBuildFile; fileRef = F455E16223F1927E00A38556 /* SceneDelegate.swift */; };
		F455E16523F1927E00A38556 /* QuestionViewController.swift in Sources */ = {isa = PBXBuildFile; fileRef = F455E16423F1927E00A38556 /* QuestionViewController.swift */; };
		F455E16823F1927E00A38556 /* Main.storyboard in Resources */ = {isa = PBXBuildFile; fileRef = F455E16623F1927E00A38556 /* Main.storyboard */; };
		F455E17A23F1B96F00A38556 /* Questions.swift in Sources */ = {isa = PBXBuildFile; fileRef = F455E17923F1B96F00A38556 /* Questions.swift */; };
		F455E17C23F1B9C900A38556 /* QuestionGroup.swift in Sources */ = {isa = PBXBuildFile; fileRef = F455E17B23F1B9C900A38556 /* QuestionGroup.swift */; };
		F455E17E23F1BA1100A38556 /* QuestionGroupData.swift in Sources */ = {isa = PBXBuildFile; fileRef = F455E17D23F1BA1100A38556 /* QuestionGroupData.swift */; };
		F455E18023F1BA6700A38556 /* Assets.xcassets in Resources */ = {isa = PBXBuildFile; fileRef = F455E17F23F1BA6700A38556 /* Assets.xcassets */; };
		F455E18223F1BA8500A38556 /* LaunchScreen.storyboard in Resources */ = {isa = PBXBuildFile; fileRef = F455E18123F1BA8500A38556 /* LaunchScreen.storyboard */; };
		F486D31823F8208C008D28E2 /* QuestionGroupCell.swift in Sources */ = {isa = PBXBuildFile; fileRef = F486D31723F8208C008D28E2 /* QuestionGroupCell.swift */; };
		F4AAD97323F35198005016AD /* QuestionView.swift in Sources */ = {isa = PBXBuildFile; fileRef = F4AAD97223F35198005016AD /* QuestionView.swift */; };
		F4F68E3523F5E227001E3F15 /* SelectQuestionGroupViewController.swift in Sources */ = {isa = PBXBuildFile; fileRef = F4F68E3423F5E227001E3F15 /* SelectQuestionGroupViewController.swift */; };
/* End PBXBuildFile section */

/* Begin PBXFileReference section */
		F455E15D23F1927E00A38556 /* RabbleWabble.app */ = {isa = PBXFileReference; explicitFileType = wrapper.application; includeInIndex = 0; path = RabbleWabble.app; sourceTree = BUILT_PRODUCTS_DIR; };
		F455E16023F1927E00A38556 /* AppDelegate.swift */ = {isa = PBXFileReference; lastKnownFileType = sourcecode.swift; path = AppDelegate.swift; sourceTree = "<group>"; };
		F455E16223F1927E00A38556 /* SceneDelegate.swift */ = {isa = PBXFileReference; lastKnownFileType = sourcecode.swift; path = SceneDelegate.swift; sourceTree = "<group>"; };
		F455E16423F1927E00A38556 /* QuestionViewController.swift */ = {isa = PBXFileReference; lastKnownFileType = sourcecode.swift; path = QuestionViewController.swift; sourceTree = "<group>"; };
		F455E16723F1927E00A38556 /* Base */ = {isa = PBXFileReference; lastKnownFileType = file.storyboard; name = Base; path = Base.lproj/Main.storyboard; sourceTree = "<group>"; };
		F455E16E23F1928200A38556 /* Info.plist */ = {isa = PBXFileReference; lastKnownFileType = text.plist.xml; path = Info.plist; sourceTree = "<group>"; };
		F455E17923F1B96F00A38556 /* Questions.swift */ = {isa = PBXFileReference; lastKnownFileType = sourcecode.swift; path = Questions.swift; sourceTree = "<group>"; };
		F455E17B23F1B9C900A38556 /* QuestionGroup.swift */ = {isa = PBXFileReference; lastKnownFileType = sourcecode.swift; path = QuestionGroup.swift; sourceTree = "<group>"; };
		F455E17D23F1BA1100A38556 /* QuestionGroupData.swift */ = {isa = PBXFileReference; fileEncoding = 4; lastKnownFileType = sourcecode.swift; path = QuestionGroupData.swift; sourceTree = "<group>"; };
		F455E17F23F1BA6700A38556 /* Assets.xcassets */ = {isa = PBXFileReference; lastKnownFileType = folder.assetcatalog; path = Assets.xcassets; sourceTree = "<group>"; };
		F455E18123F1BA8500A38556 /* LaunchScreen.storyboard */ = {isa = PBXFileReference; fileEncoding = 4; lastKnownFileType = file.storyboard; path = LaunchScreen.storyboard; sourceTree = "<group>"; };
		F486D31723F8208C008D28E2 /* QuestionGroupCell.swift */ = {isa = PBXFileReference; lastKnownFileType = sourcecode.swift; path = QuestionGroupCell.swift; sourceTree = "<group>"; };
		F4AAD97223F35198005016AD /* QuestionView.swift */ = {isa = PBXFileReference; lastKnownFileType = sourcecode.swift; path = QuestionView.swift; sourceTree = "<group>"; };
		F4F68E3423F5E227001E3F15 /* SelectQuestionGroupViewController.swift */ = {isa = PBXFileReference; lastKnownFileType = sourcecode.swift; path = SelectQuestionGroupViewController.swift; sourceTree = "<group>"; };
/* End PBXFileReference section */

/* Begin PBXFrameworksBuildPhase section */
		F455E15A23F1927E00A38556 /* Frameworks */ = {
			isa = PBXFrameworksBuildPhase;
			buildActionMask = 2147483647;
			files = (
			);
			runOnlyForDeploymentPostprocessing = 0;
		};
/* End PBXFrameworksBuildPhase section */

/* Begin PBXGroup section */
		F455E15423F1927E00A38556 = {
			isa = PBXGroup;
			children = (
				F455E15F23F1927E00A38556 /* RabbleWabble */,
				F455E15E23F1927E00A38556 /* Products */,
			);
			sourceTree = "<group>";
		};
		F455E15E23F1927E00A38556 /* Products */ = {
			isa = PBXGroup;
			children = (
				F455E15D23F1927E00A38556 /* RabbleWabble.app */,
			);
			name = Products;
			sourceTree = "<group>";
		};
		F455E15F23F1927E00A38556 /* RabbleWabble */ = {
			isa = PBXGroup;
			children = (
				F455E17423F19A5300A38556 /* AppDelegate */,
				F455E17623F19A6B00A38556 /* Models */,
				F455E17523F19A5E00A38556 /* Controllers */,
				F455E17723F19A7100A38556 /* Resources */,
				F455E17823F19A8100A38556 /* Views */,
			);
			path = RabbleWabble;
			sourceTree = "<group>";
		};
		F455E17423F19A5300A38556 /* AppDelegate */ = {
			isa = PBXGroup;
			children = (
				F455E16023F1927E00A38556 /* AppDelegate.swift */,
				F455E16223F1927E00A38556 /* SceneDelegate.swift */,
			);
			path = AppDelegate;
			sourceTree = "<group>";
		};
		F455E17523F19A5E00A38556 /* Controllers */ = {
			isa = PBXGroup;
			children = (
				F455E16423F1927E00A38556 /* QuestionViewController.swift */,
				F4F68E3423F5E227001E3F15 /* SelectQuestionGroupViewController.swift */,
			);
			path = Controllers;
			sourceTree = "<group>";
		};
		F455E17623F19A6B00A38556 /* Models */ = {
			isa = PBXGroup;
			children = (
				F455E17923F1B96F00A38556 /* Questions.swift */,
				F455E17B23F1B9C900A38556 /* QuestionGroup.swift */,
				F455E17D23F1BA1100A38556 /* QuestionGroupData.swift */,
			);
			path = Models;
			sourceTree = "<group>";
		};
		F455E17723F19A7100A38556 /* Resources */ = {
			isa = PBXGroup;
			children = (
				F455E17F23F1BA6700A38556 /* Assets.xcassets */,
				F455E16E23F1928200A38556 /* Info.plist */,
			);
			path = Resources;
			sourceTree = "<group>";
		};
		F455E17823F19A8100A38556 /* Views */ = {
			isa = PBXGroup;
			children = (
				F455E16623F1927E00A38556 /* Main.storyboard */,
				F455E18123F1BA8500A38556 /* LaunchScreen.storyboard */,
				F4AAD97223F35198005016AD /* QuestionView.swift */,
				F486D31723F8208C008D28E2 /* QuestionGroupCell.swift */,
			);
			path = Views;
			sourceTree = "<group>";
		};
/* End PBXGroup section */

/* Begin PBXNativeTarget section */
		F455E15C23F1927E00A38556 /* RabbleWabble */ = {
			isa = PBXNativeTarget;
			buildConfigurationList = F455E17123F1928200A38556 /* Build configuration list for PBXNativeTarget "RabbleWabble" */;
			buildPhases = (
				F455E15923F1927E00A38556 /* Sources */,
				F455E15A23F1927E00A38556 /* Frameworks */,
				F455E15B23F1927E00A38556 /* Resources */,
			);
			buildRules = (
			);
			dependencies = (
			);
			name = RabbleWabble;
			productName = RabbleWabble;
			productReference = F455E15D23F1927E00A38556 /* RabbleWabble.app */;
			productType = "com.apple.product-type.application";
		};
/* End PBXNativeTarget section */

/* Begin PBXProject section */
		F455E15523F1927E00A38556 /* Project object */ = {
			isa = PBXProject;
			attributes = {
				LastSwiftUpdateCheck = 1130;
				LastUpgradeCheck = 1130;
				ORGANIZATIONNAME = Lyfebug;
				TargetAttributes = {
					F455E15C23F1927E00A38556 = {
						CreatedOnToolsVersion = 11.3.1;
					};
				};
			};
			buildConfigurationList = F455E15823F1927E00A38556 /* Build configuration list for PBXProject "RabbleWabble" */;
			compatibilityVersion = "Xcode 9.3";
			developmentRegion = en;
			hasScannedForEncodings = 0;
			knownRegions = (
				en,
				Base,
			);
			mainGroup = F455E15423F1927E00A38556;
			productRefGroup = F455E15E23F1927E00A38556 /* Products */;
			projectDirPath = "";
			projectRoot = "";
			targets = (
				F455E15C23F1927E00A38556 /* RabbleWabble */,
			);
		};
/* End PBXProject section */

/* Begin PBXResourcesBuildPhase section */
		F455E15B23F1927E00A38556 /* Resources */ = {
			isa = PBXResourcesBuildPhase;
			buildActionMask = 2147483647;
			files = (
				F455E18223F1BA8500A38556 /* LaunchScreen.storyboard in Resources */,
				F455E18023F1BA6700A38556 /* Assets.xcassets in Resources */,
				F455E16823F1927E00A38556 /* Main.storyboard in Resources */,
			);
			runOnlyForDeploymentPostprocessing = 0;
		};
/* End PBXResourcesBuildPhase section */

/* Begin PBXSourcesBuildPhase section */
		F455E15923F1927E00A38556 /* Sources */ = {
			isa = PBXSourcesBuildPhase;
			buildActionMask = 2147483647;
			files = (
				F455E16523F1927E00A38556 /* QuestionViewController.swift in Sources */,
				F455E17A23F1B96F00A38556 /* Questions.swift in Sources */,
				F455E16123F1927E00A38556 /* AppDelegate.swift in Sources */,
				F4AAD97323F35198005016AD /* QuestionView.swift in Sources */,
				F455E17E23F1BA1100A38556 /* QuestionGroupData.swift in Sources */,
				F486D31823F8208C008D28E2 /* QuestionGroupCell.swift in Sources */,
				F455E17C23F1B9C900A38556 /* QuestionGroup.swift in Sources */,
				F4F68E3523F5E227001E3F15 /* SelectQuestionGroupViewController.swift in Sources */,
				F455E16323F1927E00A38556 /* SceneDelegate.swift in Sources */,
			);
			runOnlyForDeploymentPostprocessing = 0;
		};
/* End PBXSourcesBuildPhase section */

/* Begin PBXVariantGroup section */
		F455E16623F1927E00A38556 /* Main.storyboard */ = {
			isa = PBXVariantGroup;
			children = (
				F455E16723F1927E00A38556 /* Base */,
			);
			name = Main.storyboard;
			sourceTree = "<group>";
		};
/* End PBXVariantGroup section */

/* Begin XCBuildConfiguration section */
		F455E16F23F1928200A38556 /* Debug */ = {
			isa = XCBuildConfiguration;
			buildSettings = {
				ALWAYS_SEARCH_USER_PATHS = NO;
				CLANG_ANALYZER_NONNULL = YES;
				CLANG_ANALYZER_NUMBER_OBJECT_CONVERSION = YES_AGGRESSIVE;
				CLANG_CXX_LANGUAGE_STANDARD = "gnu++14";
				CLANG_CXX_LIBRARY = "libc++";
				CLANG_ENABLE_MODULES = YES;
				CLANG_ENABLE_OBJC_ARC = YES;
				CLANG_ENABLE_OBJC_WEAK = YES;
				CLANG_WARN_BLOCK_CAPTURE_AUTORELEASING = YES;
				CLANG_WARN_BOOL_CONVERSION = YES;
				CLANG_WARN_COMMA = YES;
				CLANG_WARN_CONSTANT_CONVERSION = YES;
				CLANG_WARN_DEPRECATED_OBJC_IMPLEMENTATIONS = YES;
				CLANG_WARN_DIRECT_OBJC_ISA_USAGE = YES_ERROR;
				CLANG_WARN_DOCUMENTATION_COMMENTS = YES;
				CLANG_WARN_EMPTY_BODY = YES;
				CLANG_WARN_ENUM_CONVERSION = YES;
				CLANG_WARN_INFINITE_RECURSION = YES;
				CLANG_WARN_INT_CONVERSION = YES;
				CLANG_WARN_NON_LITERAL_NULL_CONVERSION = YES;
				CLANG_WARN_OBJC_IMPLICIT_RETAIN_SELF = YES;
				CLANG_WARN_OBJC_LITERAL_CONVERSION = YES;
				CLANG_WARN_OBJC_ROOT_CLASS = YES_ERROR;
				CLANG_WARN_RANGE_LOOP_ANALYSIS = YES;
				CLANG_WARN_STRICT_PROTOTYPES = YES;
				CLANG_WARN_SUSPICIOUS_MOVE = YES;
				CLANG_WARN_UNGUARDED_AVAILABILITY = YES_AGGRESSIVE;
				CLANG_WARN_UNREACHABLE_CODE = YES;
				CLANG_WARN__DUPLICATE_METHOD_MATCH = YES;
				COPY_PHASE_STRIP = NO;
				DEBUG_INFORMATION_FORMAT = dwarf;
				ENABLE_STRICT_OBJC_MSGSEND = YES;
				ENABLE_TESTABILITY = YES;
				GCC_C_LANGUAGE_STANDARD = gnu11;
				GCC_DYNAMIC_NO_PIC = NO;
				GCC_NO_COMMON_BLOCKS = YES;
				GCC_OPTIMIZATION_LEVEL = 0;
				GCC_PREPROCESSOR_DEFINITIONS = (
					"DEBUG=1",
					"$(inherited)",
				);
				GCC_WARN_64_TO_32_BIT_CONVERSION = YES;
				GCC_WARN_ABOUT_RETURN_TYPE = YES_ERROR;
				GCC_WARN_UNDECLARED_SELECTOR = YES;
				GCC_WARN_UNINITIALIZED_AUTOS = YES_AGGRESSIVE;
				GCC_WARN_UNUSED_FUNCTION = YES;
				GCC_WARN_UNUSED_VARIABLE = YES;
				IPHONEOS_DEPLOYMENT_TARGET = 13.2;
				MTL_ENABLE_DEBUG_INFO = INCLUDE_SOURCE;
				MTL_FAST_MATH = YES;
				ONLY_ACTIVE_ARCH = YES;
				SDKROOT = iphoneos;
				SWIFT_ACTIVE_COMPILATION_CONDITIONS = DEBUG;
				SWIFT_OPTIMIZATION_LEVEL = "-Onone";
			};
			name = Debug;
		};
		F455E17023F1928200A38556 /* Release */ = {
			isa = XCBuildConfiguration;
			buildSettings = {
				ALWAYS_SEARCH_USER_PATHS = NO;
				CLANG_ANALYZER_NONNULL = YES;
				CLANG_ANALYZER_NUMBER_OBJECT_CONVERSION = YES_AGGRESSIVE;
				CLANG_CXX_LANGUAGE_STANDARD = "gnu++14";
				CLANG_CXX_LIBRARY = "libc++";
				CLANG_ENABLE_MODULES = YES;
				CLANG_ENABLE_OBJC_ARC = YES;
				CLANG_ENABLE_OBJC_WEAK = YES;
				CLANG_WARN_BLOCK_CAPTURE_AUTORELEASING = YES;
				CLANG_WARN_BOOL_CONVERSION = YES;
				CLANG_WARN_COMMA = YES;
				CLANG_WARN_CONSTANT_CONVERSION = YES;
				CLANG_WARN_DEPRECATED_OBJC_IMPLEMENTATIONS = YES;
				CLANG_WARN_DIRECT_OBJC_ISA_USAGE = YES_ERROR;
				CLANG_WARN_DOCUMENTATION_COMMENTS = YES;
				CLANG_WARN_EMPTY_BODY = YES;
				CLANG_WARN_ENUM_CONVERSION = YES;
				CLANG_WARN_INFINITE_RECURSION = YES;
				CLANG_WARN_INT_CONVERSION = YES;
				CLANG_WARN_NON_LITERAL_NULL_CONVERSION = YES;
				CLANG_WARN_OBJC_IMPLICIT_RETAIN_SELF = YES;
				CLANG_WARN_OBJC_LITERAL_CONVERSION = YES;
				CLANG_WARN_OBJC_ROOT_CLASS = YES_ERROR;
				CLANG_WARN_RANGE_LOOP_ANALYSIS = YES;
				CLANG_WARN_STRICT_PROTOTYPES = YES;
				CLANG_WARN_SUSPICIOUS_MOVE = YES;
				CLANG_WARN_UNGUARDED_AVAILABILITY = YES_AGGRESSIVE;
				CLANG_WARN_UNREACHABLE_CODE = YES;
				CLANG_WARN__DUPLICATE_METHOD_MATCH = YES;
				COPY_PHASE_STRIP = NO;
				DEBUG_INFORMATION_FORMAT = "dwarf-with-dsym";
				ENABLE_NS_ASSERTIONS = NO;
				ENABLE_STRICT_OBJC_MSGSEND = YES;
				GCC_C_LANGUAGE_STANDARD = gnu11;
				GCC_NO_COMMON_BLOCKS = YES;
				GCC_WARN_64_TO_32_BIT_CONVERSION = YES;
				GCC_WARN_ABOUT_RETURN_TYPE = YES_ERROR;
				GCC_WARN_UNDECLARED_SELECTOR = YES;
				GCC_WARN_UNINITIALIZED_AUTOS = YES_AGGRESSIVE;
				GCC_WARN_UNUSED_FUNCTION = YES;
				GCC_WARN_UNUSED_VARIABLE = YES;
				IPHONEOS_DEPLOYMENT_TARGET = 13.2;
				MTL_ENABLE_DEBUG_INFO = NO;
				MTL_FAST_MATH = YES;
				SDKROOT = iphoneos;
				SWIFT_COMPILATION_MODE = wholemodule;
				SWIFT_OPTIMIZATION_LEVEL = "-O";
				VALIDATE_PRODUCT = YES;
			};
			name = Release;
		};
		F455E17223F1928200A38556 /* Debug */ = {
			isa = XCBuildConfiguration;
			buildSettings = {
				ASSETCATALOG_COMPILER_APPICON_NAME = AppIcon;
				CODE_SIGN_STYLE = Automatic;
				DEVELOPMENT_TEAM = L3F6RMQTHU;
				INFOPLIST_FILE = RabbleWabble/Resources/Info.plist;
				LD_RUNPATH_SEARCH_PATHS = (
					"$(inherited)",
					"@executable_path/Frameworks",
				);
				PRODUCT_BUNDLE_IDENTIFIER = com.lyfebug.RabbleWabble;
				PRODUCT_NAME = "$(TARGET_NAME)";
				SWIFT_VERSION = 5.0;
				TARGETED_DEVICE_FAMILY = "1,2";
			};
			name = Debug;
		};
		F455E17323F1928200A38556 /* Release */ = {
			isa = XCBuildConfiguration;
			buildSettings = {
				ASSETCATALOG_COMPILER_APPICON_NAME = AppIcon;
				CODE_SIGN_STYLE = Automatic;
				DEVELOPMENT_TEAM = L3F6RMQTHU;
				INFOPLIST_FILE = RabbleWabble/Resources/Info.plist;
				LD_RUNPATH_SEARCH_PATHS = (
					"$(inherited)",
					"@executable_path/Frameworks",
				);
				PRODUCT_BUNDLE_IDENTIFIER = com.lyfebug.RabbleWabble;
				PRODUCT_NAME = "$(TARGET_NAME)";
				SWIFT_VERSION = 5.0;
				TARGETED_DEVICE_FAMILY = "1,2";
			};
			name = Release;
		};
/* End XCBuildConfiguration section */

/* Begin XCConfigurationList section */
		F455E15823F1927E00A38556 /* Build configuration list for PBXProject "RabbleWabble" */ = {
			isa = XCConfigurationList;
			buildConfigurations = (
				F455E16F23F1928200A38556 /* Debug */,
				F455E17023F1928200A38556 /* Release */,
			);
			defaultConfigurationIsVisible = 0;
			defaultConfigurationName = Release;
		};
		F455E17123F1928200A38556 /* Build configuration list for PBXNativeTarget "RabbleWabble" */ = {
			isa = XCConfigurationList;
			buildConfigurations = (
				F455E17223F1928200A38556 /* Debug */,
				F455E17323F1928200A38556 /* Release */,
			);
			defaultConfigurationIsVisible = 0;
			defaultConfigurationName = Release;
		};
/* End XCConfigurationList section */
	};
	rootObject = F455E15523F1927E00A38556 /* Project object */;
}
